github.com/buaazp/fasthttprouter v0.1.1 h1:4oAnN0C3xZjylvZJdP35cxfclyn4TYkW6Y+DSvS+h8Q=
github.com/buaazp/fasthttprouter v0.1.1/go.mod h1:h/Ap5oRVLeItGKTVBb+heQPks+HdIUtGmI4H5WCYijM=
github.com/h2non/bimg v1.1.5 h1:o3xsUBxM8s7+e7PmpiWIkEYdeYayJ94eh4cJLx67m1k=
github.com/h2non/bimg v1.1.5/go.mod h1:R3+UiYwkK4rQl6KVFTOFJHitgLbZXBZNFh2cv3AEbp8=
github.com/klauspost/compress v1.4.0 h1:8nsMz3tWa9SWWPL60G1V6CUsf4lLjWLTNEtibhe8gh8=
github.com/klauspost/compress v1.4.0/go.mod h1:RyIbtBH6LamlWaDj8nUwkbUhJ87Yi3uG0guNDohfE1A=
github.com/klauspost/compress v1.8.2 h1:Bx0qjetmNjdFXASH02NSAREKpiaDwkO1DRZ3dV2KCcs=
github.com/klauspost/compress v1.8.2/go.mod h1:RyIbtBH6LamlWaDj8nUwkbUhJ87Yi3uG0guNDohfE1A=
github.com/klauspost/compress v1.9.4 h1:xhvAeUPQ2drNUhKtrGdTGNvV9nNafHMUkRyLkzxJoB4=
github.com/klauspost/compress v1.9.4/go.mod h1:RyIbtBH6LamlWaDj8nUwkbUhJ87Yi3uG0guNDohfE1A=
github.com/klauspost/cpuid v0.0.0-20180405133222-e7e905edc00e h1:+lIPJOWl+jSiJOc70QXJ07+2eg2Jy2EC7Mi11BWujeM=
github.com/klauspost/cpuid v0.0.0-20180405133222-e7e905edc00e/go.mod h1:Pj4uuM528wm8OyEC2QMXAi2YiTZ96dNQPGgoMS4s3ek=
github.com/klauspost/cpuid v1.2.1 h1:vJi+O/nMdFt0vqm8NZBI6wzALWdA2X+egi0ogNyrC/w=
github.com/klauspost/cpuid v1.2.1/go.mod h1:Pj4uuM528wm8OyEC2QMXAi2YiTZ96dNQPGgoMS4s3ek=
github.com/klauspost/cpuid v1.2.2/go.mod h1:Pj4uuM528wm8OyEC2QMXAi2YiTZ96dNQPGgoMS4s3ek=
github.com/larrabee/bimg v1.0.19 h1:SRg/9hSUiRoWlDnuNOQf1OyAsf2KV4QqCBY89eC/5iA=
github.com/larrabee/bimg v1.0.19/go.mod h1:80p2KPjUe2wMloWDemkjVZew1ecdoQKU3Uw8k7aGbo4=
github.com/larrabee/bimg v1.0.20-0.20200116121630-9e85c8daa193 h1:+xmKIdtM46CZCQwlNBDLrFo4+v9w6wOYHBVf6pikkLY=
github.com/larrabee/bimg v1.0.20-0.20200116121630-9e85c8daa193/go.mod h1:80p2KPjUe2wMloWDemkjVZew1ecdoQKU3Uw8k7aGbo4=
github.com/namsral/flag v1.7.4-pre h1:b2ScHhoCUkbsq0d2C15Mv+VU8bl8hAXV8arnWiOHNZs=
github.com/namsral/flag v1.7.4-pre/go.mod h1:OXldTctbM6SWH1K899kPZcf65KxJiD7MsceFUpB5yDo=
github.com/ultimate-guitar/go-imagequant v0.0.0-20190607123503-150c56b8377c h1:FgHl1deapF/njCwnqyJB7K+aV15O1kUQsOa7xY8zSUc=
github.com/ultimate-guitar/go-imagequant v0.0.0-20190607123503-150c56b8377c/go.mod h1:i+Clhf23O1KGsVN8mTevqTQpnjIf4+KaYuXBjX2urSw=
github.com/ultimate-guitar/go-imagequant v0.0.0-20190607140442-f1d62e893eea h1:JqvEcnQ0XHGHZgxULxsw5/2qI1wWe5X71ZRXD0SOebA=
github.com/ultimate-guitar/go-imagequant v0.0.0-20190607140442-f1d62e893eea/go.mod h1:i+Clhf23O1KGsVN8mTevqTQpnjIf4+KaYuXBjX2urSw=
github.com/ultimate-guitar/go-imagequant v0.0.0-20190607140855-75a489ada5e3 h1:JT2EhS4mXDAt6bYJO4k58LS6APfdpkBmFir1Qg8nZDw=
github.com/ultimate-guitar/go-imagequant v0.0.0-20190607140855-75a489ada5e3/go.mod h1:i+Clhf23O1KGsVN8mTevqTQpnjIf4+KaYuXBjX2urSw=
github.com/ultimate-guitar/go-imagequant v0.0.0-20190607141429-816ed03fb051 h1:rx9uo+C2Iiqd+JaDMlAOo2hubmlz5oK8ea8tGb1PQg0=
github.com/ultimate-guitar/go-imagequant v0.0.0-20190607141429-816ed03fb051/go.mod h1:i+Clhf23O1KGsVN8mTevqTQpnjIf4+KaYuXBjX2urSw=
github.com/ultimate-guitar/go-imagequant v0.0.0-20190607142912-70debbbbd8d0 h1:00+Ka1ol6KGbPRc0KDILFImlOo5Q8w1N4QL/MDK5JFU=
github.com/ultimate-guitar/go-imagequant v0.0.0-20190607142912-70debbbbd8d0/go.mod h1:i+Clhf23O1KGsVN8mTevqTQpnjIf4+KaYuXBjX2urSw=
github.com/ultimate-guitar/go-imagequant v0.0.0-20190607143250-352791da03fa h1:bXOlkxwOlKjuedh3YonjdSmwoaLQqKr6DpuA1ER+wEw=
github.com/ultimate-guitar/go-imagequant v0.0.0-20190607143250-352791da03fa/go.mod h1:i+Clhf23O1KGsVN8mTevqTQpnjIf4+KaYuXBjX2urSw=
github.com/valyala/bytebufferpool v1.0.0 h1:GqA5TC/0021Y/b9FG4Oi9Mr3q7XYx6KllzawFIhcdPw=
github.com/valyala/bytebufferpool v1.0.0/go.mod h1:6bBcMArwyJ5K/AmCkWv1jt77kVWyCJ6HpOuEn7z0Csc=
github.com/valyala/fasthttp v1.3.0 h1:++0WUtakkqBuHHY5JRFFl6O44I03XLBqxNnrBX0yH7Y=
github.com/valyala/fasthttp v1.3.0/go.mod h1:4vX61m6KN+xDduDNwXrhIAVZaZaZiQ1luJk8LWSxF3s=
github.com/valyala/fasthttp v1.6.0 h1:uWF8lgKmeaIewWVPwi4GRq2P6+R46IgYZdxWtM+GtEY=
github.com/valyala/fasthttp v1.6.0/go.mod h1:FstJa9V+Pj9vQ7OJie2qMHdwemEDaDiSdBnvPM1Su9w=
github.com/valyala/tcplisten v0.0.0-20161114210144-ceec8f93295a h1:0R4NLDRDZX6JcmhJgXi5E4b8Wg84ihbmUKp/GvSPEzc=
github.com/valyala/tcplisten v0.0.0-20161114210144-ceec8f93295a/go.mod h1:v3UYOV9WzVtRmSR+PDvWpU/qWl4Wa5LApYYX4ZtKbio=
golang.org/x/crypto v0.0.0-20190308221718-c2843e01d9a2/go.mod h1:djNgcEr1/C05ACkg1iLfiJU5Ep61QUkGW8qpdssI0+w=
golang.org/x/net v0.0.0-20180911220305-26e67e76b6c3/go.mod h1:mL1N/T3taQHkDXs73rZJwtUhF3w3ftmwwsq0BUmARs4=
golang.org/x/net v0.0.0-20190827160401-ba9fcec4b297/go.mod h1:z5CRVTTTmAJ677TzLLGU+0bjPO0LkuOLi4/5GtJWs/s=
golang.org/x/sys v0.0.0-20190215142949-d0b11bdaac8a/go.mod h1:STP8DvDyc/dI5b8T5hshtkjS+E42TnysNCUPdjciGhY=
golang.org/x/text v0.3.0/go.mod h1:NqM8EUOU14njkJ3fqMW+pc6Ldnwhi/IjpwHt7yyuwOQ=
gopkg.in/h2non/bimg.v1 v1.0.19 h1:Li7mgBrIvCHvShB4nyCcGJ2Z2rWR/95kgI/U2+U2eYw=
gopkg.in/h2non/bimg.v1 v1.0.19/go.mod h1:PgsZL7dLwUbsGm1NYps320GxGgvQNTnecMCZqxV11So=
gopkg.in/h2non/bimg.v1 v1.1.5 h1:w0KZvuIj2FQR0GedFZJNbISxk+oO5tDpkSLi9nuIrfQ=
gopkg.in/h2non/bimg.v1 v1.1.5/go.mod h1:PgsZL7dLwUbsGm1NYps320GxGgvQNTnecMCZqxV11So=
