# This file is autogenerated, do not edit; changes may be undone by the next 'dep ensure'.


[[projects]]
  digest = "1:77509b45a656ec997c630eae731b53fe51a302d01300a6244be2678383b89fd1"
  name = "github.com/buaazp/fasthttprouter"
  packages = ["."]
  pruneopts = ""
  revision = "ade4e2031af3aed7fffd241084aad80a58faf421"
  version = "v0.1.1"

[[projects]]
  digest = "1:4d0614a5d2e5e394368521b087428b2996ae95ebc4699afabc61adac9b7cec38"
  name = "github.com/klauspost/compress"
  packages = [
    "flate",
    "gzip",
    "zlib",
  ]
  pruneopts = ""
  revision = "b939724e787a27c0005cabe3f78e7ed7987ac74f"
  version = "v1.4.0"

[[projects]]
  digest = "1:f0117357f14b0a625ddbbe25e23637291ac0276402fcfd25fc447422456364ce"
  name = "github.com/klauspost/cpuid"
  packages = ["."]
  pruneopts = ""
  revision = "ae7887de9fa5d2db4eaa8174a7eff2c1ac00f2da"
  version = "v1.1"

[[projects]]
  digest = "1:0828677c3ebed3fc9c4f11e17e7997a733e62a3f20b38d00d70e756b681b46ab"
  name = "github.com/namsral/flag"
  packages = ["."]
  pruneopts = ""
  revision = "71ceffbeb0ba60fccc853971bb3ed4d7d90bfd04"
  version = "v1.7.4-pre"

[[projects]]
  digest = "1:1649dbf51658af1b6338f8ad8fdd4bfb01b3ae20f5474e5016fa40c5cfe7c960"
  name = "github.com/valyala/fasthttp"
  packages = [
    ".",
    "fasthttputil",
    "reuseport",
  ]
  pruneopts = ""
  revision = "d42167fd04f636e20b005e9934159e95454233c7"
  version = "v20160617"

[[projects]]
  branch = "update-vips"
  digest = "1:540ddb5432d69856f5a36302d05af0f50136c8485ba3f3c45d5553f271faf584"
  name = "gopkg.in/h2non/bimg.v1"
  packages = ["."]
  pruneopts = ""
  revision = "98902da9c798475f15d4890e2bae06ebf9b985ee"
  source = "github.com/danpersa/bimg"

[solve-meta]
  analyzer-name = "dep"
  analyzer-version = 1
  input-imports = [
    "github.com/buaazp/fasthttprouter",
    "github.com/namsral/flag",
    "github.com/valyala/fasthttp",
    "github.com/valyala/fasthttp/reuseport",
    "gopkg.in/h2non/bimg.v1",
  ]
  solver-name = "gps-cdcl"
  solver-version = 1
