# This file is autogenerated, do not edit; changes may be undone by the next 'dep ensure'.


[[projects]]
  digest = "1:77509b45a656ec997c630eae731b53fe51a302d01300a6244be2678383b89fd1"
  name = "github.com/buaazp/fasthttprouter"
  packages = ["."]
  pruneopts = ""
  revision = "ade4e2031af3aed7fffd241084aad80a58faf421"
  version = "v0.1.1"

[[projects]]
  digest = "1:064eb4d2277fb6a23944380644268b99acc0ae0576c72d0b6d7288d3c2fe4a1e"
  name = "github.com/klauspost/compress"
  packages = [
    "flate",
    "gzip",
    "zlib",
  ]
  pruneopts = ""
  revision = "30be6041bed523c18e269a700ebd9c2ea9328574"
  version = "v1.4.1"

[[projects]]
  digest = "1:198af4ad42013a3779477b597458f860a6a99e57e1674fa4f61eb04b8b5b768f"
  name = "github.com/klauspost/cpuid"
  packages = ["."]
  pruneopts = ""
  revision = "e7e905edc00ea8827e58662220139109efea09db"
  version = "v1.2.0"

[[projects]]
  digest = "1:0828677c3ebed3fc9c4f11e17e7997a733e62a3f20b38d00d70e756b681b46ab"
  name = "github.com/namsral/flag"
  packages = ["."]
  pruneopts = ""
  revision = "71ceffbeb0ba60fccc853971bb3ed4d7d90bfd04"
  version = "v1.7.4-pre"

[[projects]]
  digest = "1:1649dbf51658af1b6338f8ad8fdd4bfb01b3ae20f5474e5016fa40c5cfe7c960"
  name = "github.com/valyala/fasthttp"
  packages = [
    ".",
    "fasthttputil",
    "reuseport",
  ]
  pruneopts = ""
  revision = "d42167fd04f636e20b005e9934159e95454233c7"
  version = "v20160617"

[[projects]]
  branch = "master"
  digest = "1:f077a4e8932012bda40b4d936850b8c7530c648f4bfdf5e645667d378f6ee584"
  name = "gopkg.in/h2non/bimg.v1"
  packages = ["."]
  pruneopts = ""
  revision = "15cd11560781e3a634d3857b845d4c9c93aa454b"
  source = "github.com/h2non/bimg"

[solve-meta]
  analyzer-name = "dep"
  analyzer-version = 1
  input-imports = [
    "github.com/buaazp/fasthttprouter",
    "github.com/namsral/flag",
    "github.com/valyala/fasthttp",
    "github.com/valyala/fasthttp/reuseport",
    "gopkg.in/h2non/bimg.v1",
  ]
  solver-name = "gps-cdcl"
  solver-version = 1
