# This file is autogenerated, do not edit; changes may be undone by the next 'dep ensure'.


[[projects]]
  name = "github.com/buaazp/fasthttprouter"
  packages = ["."]
  revision = "ade4e2031af3aed7fffd241084aad80a58faf421"
  version = "v0.1.1"

[[projects]]
  name = "github.com/klauspost/compress"
  packages = [
    "flate",
    "gzip",
    "zlib"
  ]
  revision = "6c8db69c4b49dd4df1fff66996cf556176d0b9bf"
  version = "v1.2.1"

[[projects]]
  name = "github.com/klauspost/cpuid"
  packages = ["."]
  revision = "ae7887de9fa5d2db4eaa8174a7eff2c1ac00f2da"
  version = "v1.1"

[[projects]]
  name = "github.com/klauspost/crc32"
  packages = ["."]
  revision = "cb6bfca970f6908083f26f39a79009d608efd5cd"
  version = "v1.1"

[[projects]]
  name = "github.com/namsral/flag"
  packages = ["."]
  revision = "71ceffbeb0ba60fccc853971bb3ed4d7d90bfd04"
  version = "v1.7.4-pre"

[[projects]]
  branch = "master"
  name = "github.com/ultimate-guitar/go-imagequant"
  packages = ["."]
  revision = "a5758912d2dfd3e02c3c88b5959a7d558b67f78e"

[[projects]]
  name = "github.com/valyala/fasthttp"
  packages = [
    ".",
    "fasthttputil",
    "reuseport"
  ]
  revision = "d42167fd04f636e20b005e9934159e95454233c7"
  version = "v20160617"

[[projects]]
  name = "gopkg.in/h2non/bimg.v1"
  packages = ["."]
  revision = "02e621739c77c791d8c153f240b7a1f75b07816f"
  version = "v1.0.18"

[solve-meta]
  analyzer-name = "dep"
  analyzer-version = 1
  inputs-digest = "18ef36742651874b98ab108ad63ad8953c4a127886d76376f66a242554838ae3"
  solver-name = "gps-cdcl"
  solver-version = 1
